
Microsoft Visual Studio Solution File, Format Version 12.00
Project("{FAE04EC0-301F-11D3-BF4B-00C04F79EFBC}") = "AsyncAwaitCosts.ConsoleAppBenchmark", "AsyncAwaitCosts.ConsoleAppBenchmark\AsyncAwaitCosts.ConsoleAppBenchmark.csproj", "{CEAB01E8-EB73-42EF-8EA5-7513395EEE8C}"
EndProject
Project("{2150E333-8FDC-42A3-9474-1A3956D46DE8}") = "SolutionItems", "SolutionItems", "{C7DE856D-19A8-4076-8578-5877D7572EF9}"
ProjectSection(SolutionItems) = preProject
	README.md = README.md
	.github\workflows\dotnet.yml = .github\workflows\dotnet.yml
EndProjectSection
EndProject
Project("{2150E333-8FDC-42A3-9474-1A3956D46DE8}") = "wiki", "wiki", "{9B979DBD-08FD-42A9-9713-CC18D23A6AB3}"
	ProjectSection(SolutionItems) = preProject
		wiki\home.md = wiki\home.md
	EndProjectSection
EndProject
Global
	GlobalSection(SolutionConfigurationPlatforms) = preSolution
		Debug|Any CPU = Debug|Any CPU
		Release|Any CPU = Release|Any CPU
	EndGlobalSection
	GlobalSection(ProjectConfigurationPlatforms) = postSolution
		{CEAB01E8-EB73-42EF-8EA5-7513395EEE8C}.Debug|Any CPU.ActiveCfg = Debug|Any CPU
		{CEAB01E8-EB73-42EF-8EA5-7513395EEE8C}.Debug|Any CPU.Build.0 = Debug|Any CPU
		{CEAB01E8-EB73-42EF-8EA5-7513395EEE8C}.Release|Any CPU.ActiveCfg = Release|Any CPU
		{CEAB01E8-EB73-42EF-8EA5-7513395EEE8C}.Release|Any CPU.Build.0 = Release|Any CPU
	EndGlobalSection
	GlobalSection(NestedProjects) = preSolution
		{9B979DBD-08FD-42A9-9713-CC18D23A6AB3} = {C7DE856D-19A8-4076-8578-5877D7572EF9}
	EndGlobalSection
EndGlobal
